{
  "object": {
    "pins": [
      {
        "package": "iOSSnapshotTestCase",
        "repositoryURL": "https://github.com/uber/ios-snapshot-test-case",
        "state": {
          "branch": null,
          "revision": "7b10770333a961be6e5a41c9ce04b8c6d3990126",
          "version": "8.0.0"
        }
      },
      {
        "package": "SwiftHamcrest",
        "repositoryURL": "https://github.com/nschum/SwiftHamcrest",
        "state": {
          "branch": null,
          "revision": "8c679c859fd5e12b83aea68a51045b0a11dfddef",
          "version": "2.2.4"
        }
      }
    ]
  },
  "version": 1
}
