PODS:
  - OCHamcrest (9.0.1)
  - SwiftHamcrest (2.2.4)

DEPENDENCIES:
  - OCHamcrest (~> 9.0)
  - SwiftHamcrest (~> 2.2)

SPEC REPOS:
  trunk:
    - OCHamcrest
    - SwiftHamcrest

SPEC CHECKSUMS:
  OCHamcrest: e84ce6833fb8ab16f34e3a5e004917b6f566755a
  SwiftHamcrest: a45dd878978049c0953259aa01c34fd7258d0340

PODFILE CHECKSUM: 21e12afde29b3638d81ca3050c52f9f88af49f46

COCOAPODS: 1.11.3
